
Microsoft Visual Studio Solution File, Format Version 12.00
# Visual Studio Version 16
VisualStudioVersion = 16.0.29613.14
MinimumVisualStudioVersion = 10.0.40219.1
Project("{9A19103F-16F7-4668-BE54-9A1E7A4F7556}") = "Scarlet", "src\Scarlet.csproj", "{8BF950AD-9183-4652-A084-1E7D67F23993}"
EndProject
Project("{FAE04EC0-301F-11D3-BF4B-00C04F79EFBC}") = "Scarlet.Tests", "tests\Scarlet.Tests.csproj", "{C17BDCC9-FBB7-4ED4-973B-3E9E878EBDD4}"
EndProject
Global
	GlobalSection(SolutionConfigurationPlatforms) = preSolution
		Debug|Any CPU = Debug|Any CPU
		Release|Any CPU = Release|Any CPU
	EndGlobalSection
	GlobalSection(ProjectConfigurationPlatforms) = postSolution
		{8BF950AD-9183-4652-A084-1E7D67F23993}.Debug|Any CPU.ActiveCfg = Debug|Any CPU
		{8BF950AD-9183-4652-A084-1E7D67F23993}.Debug|Any CPU.Build.0 = Debug|Any CPU
		{8BF950AD-9183-4652-A084-1E7D67F23993}.Release|Any CPU.ActiveCfg = Release|Any CPU
		{8BF950AD-9183-4652-A084-1E7D67F23993}.Release|Any CPU.Build.0 = Release|Any CPU
		{C17BDCC9-FBB7-4ED4-973B-3E9E878EBDD4}.Debug|Any CPU.ActiveCfg = Debug|Any CPU
		{C17BDCC9-FBB7-4ED4-973B-3E9E878EBDD4}.Debug|Any CPU.Build.0 = Debug|Any CPU
		{C17BDCC9-FBB7-4ED4-973B-3E9E878EBDD4}.Release|Any CPU.ActiveCfg = Release|Any CPU
		{C17BDCC9-FBB7-4ED4-973B-3E9E878EBDD4}.Release|Any CPU.Build.0 = Release|Any CPU
	EndGlobalSection
	GlobalSection(SolutionProperties) = preSolution
		HideSolutionNode = FALSE
	EndGlobalSection
	GlobalSection(ExtensibilityGlobals) = postSolution
		SolutionGuid = {0449F3A3-9DA0-4090-9D3F-F9124003F40C}
	EndGlobalSection
EndGlobal
